
Microsoft Visual Studio Solution File, Format Version 12.00
# Visual Studio Version 17
VisualStudioVersion = 17.5.33424.131
MinimumVisualStudioVersion = 10.0.40219.1
Project("{888888A0-9F3D-457C-B088-3A5042F75D52}") = "Analtical and Computational Foundation Courswork 3", "Analtical and Computational Foundation Courswork 3.pyproj", "{064D3BD6-1587-461B-8663-75F28344FF6D}"
EndProject
Global
	GlobalSection(SolutionConfigurationPlatforms) = preSolution
		Debug|Any CPU = Debug|Any CPU
		Release|Any CPU = Release|Any CPU
	EndGlobalSection
	GlobalSection(ProjectConfigurationPlatforms) = postSolution
		{064D3BD6-1587-461B-8663-75F28344FF6D}.Debug|Any CPU.ActiveCfg = Debug|Any CPU
		{064D3BD6-1587-461B-8663-75F28344FF6D}.Release|Any CPU.ActiveCfg = Release|Any CPU
	EndGlobalSection
	GlobalSection(SolutionProperties) = preSolution
		HideSolutionNode = FALSE
	EndGlobalSection
	GlobalSection(ExtensibilityGlobals) = postSolution
		SolutionGuid = {E6DA7423-F752-49CB-B21B-05CD427B3E4C}
	EndGlobalSection
EndGlobal
